// !$*UTF8*$!
{
	archiveVersion = 1;
	classes = {
	};
	objectVersion = 50;
	objects = {

/* Begin PBXBuildFile section */
		A01A120623995ED000F3806D /* AppDelegate.swift in Sources */ = {isa = PBXBuildFile; fileRef = A01A120523995ED000F3806D /* AppDelegate.swift */; };
		A01A120823995ED100F3806D /* SceneDelegate.swift in Sources */ = {isa = PBXBuildFile; fileRef = A01A120723995ED100F3806D /* SceneDelegate.swift */; };
		A01A120A23995ED100F3806D /* ViewController.swift in Sources */ = {isa = PBXBuildFile; fileRef = A01A120923995ED100F3806D /* ViewController.swift */; };
		A01A120D23995ED100F3806D /* Main.storyboard in Resources */ = {isa = PBXBuildFile; fileRef = A01A120B23995ED100F3806D /* Main.storyboard */; };
		A01A120F23995ED300F3806D /* Assets.xcassets in Resources */ = {isa = PBXBuildFile; fileRef = A01A120E23995ED300F3806D /* Assets.xcassets */; };
		A01A121223995ED300F3806D /* LaunchScreen.storyboard in Resources */ = {isa = PBXBuildFile; fileRef = A01A121023995ED300F3806D /* LaunchScreen.storyboard */; };
		A0D1F3B724689ED300374109 /* CalculatorTests.swift in Sources */ = {isa = PBXBuildFile; fileRef = A0D1F3B624689ED300374109 /* CalculatorTests.swift */; };
		A0D1F40324693FEC00374109 /* CalculatorUITests.swift in Sources */ = {isa = PBXBuildFile; fileRef = A0D1F40224693FEC00374109 /* CalculatorUITests.swift */; };
/* End PBXBuildFile section */

/* Begin PBXContainerItemProxy section */
		A0D1F3B924689ED300374109 /* PBXContainerItemProxy */ = {
			isa = PBXContainerItemProxy;
			containerPortal = A01A11FA23995ED000F3806D /* Project object */;
			proxyType = 1;
			remoteGlobalIDString = A01A120123995ED000F3806D;
			remoteInfo = Calculator;
		};
		A0D1F40524693FEC00374109 /* PBXContainerItemProxy */ = {
			isa = PBXContainerItemProxy;
			containerPortal = A01A11FA23995ED000F3806D /* Project object */;
			proxyType = 1;
			remoteGlobalIDString = A01A120123995ED000F3806D;
			remoteInfo = Calculator;
		};
/* End PBXContainerItemProxy section */

/* Begin PBXFileReference section */
		A01A120223995ED000F3806D /* Calculator.app */ = {isa = PBXFileReference; explicitFileType = wrapper.application; includeInIndex = 0; path = Calculator.app; sourceTree = BUILT_PRODUCTS_DIR; };
		A01A120523995ED000F3806D /* AppDelegate.swift */ = {isa = PBXFileReference; lastKnownFileType = sourcecode.swift; path = AppDelegate.swift; sourceTree = "<group>"; };
		A01A120723995ED100F3806D /* SceneDelegate.swift */ = {isa = PBXFileReference; lastKnownFileType = sourcecode.swift; path = SceneDelegate.swift; sourceTree = "<group>"; };
		A01A120923995ED100F3806D /* ViewController.swift */ = {isa = PBXFileReference; lastKnownFileType = sourcecode.swift; path = ViewController.swift; sourceTree = "<group>"; };
		A01A120C23995ED100F3806D /* Base */ = {isa = PBXFileReference; lastKnownFileType = file.storyboard; name = Base; path = Base.lproj/Main.storyboard; sourceTree = "<group>"; };
		A01A120E23995ED300F3806D /* Assets.xcassets */ = {isa = PBXFileReference; lastKnownFileType = folder.assetcatalog; path = Assets.xcassets; sourceTree = "<group>"; };
		A01A121123995ED300F3806D /* Base */ = {isa = PBXFileReference; lastKnownFileType = file.storyboard; name = Base; path = Base.lproj/LaunchScreen.storyboard; sourceTree = "<group>"; };
		A01A121323995ED300F3806D /* Info.plist */ = {isa = PBXFileReference; lastKnownFileType = text.plist.xml; path = Info.plist; sourceTree = "<group>"; };
		A0D1F3B424689ED300374109 /* CalculatorTests.xctest */ = {isa = PBXFileReference; explicitFileType = wrapper.cfbundle; includeInIndex = 0; path = CalculatorTests.xctest; sourceTree = BUILT_PRODUCTS_DIR; };
		A0D1F3B624689ED300374109 /* CalculatorTests.swift */ = {isa = PBXFileReference; lastKnownFileType = sourcecode.swift; path = CalculatorTests.swift; sourceTree = "<group>"; };
		A0D1F3B824689ED300374109 /* Info.plist */ = {isa = PBXFileReference; lastKnownFileType = text.plist.xml; path = Info.plist; sourceTree = "<group>"; };
		A0D1F40024693FEC00374109 /* CalculatorUITests.xctest */ = {isa = PBXFileReference; explicitFileType = wrapper.cfbundle; includeInIndex = 0; path = CalculatorUITests.xctest; sourceTree = BUILT_PRODUCTS_DIR; };
		A0D1F40224693FEC00374109 /* CalculatorUITests.swift */ = {isa = PBXFileReference; lastKnownFileType = sourcecode.swift; path = CalculatorUITests.swift; sourceTree = "<group>"; };
		A0D1F40424693FEC00374109 /* Info.plist */ = {isa = PBXFileReference; lastKnownFileType = text.plist.xml; path = Info.plist; sourceTree = "<group>"; };
/* End PBXFileReference section */

/* Begin PBXFrameworksBuildPhase section */
		A01A11FF23995ED000F3806D /* Frameworks */ = {
			isa = PBXFrameworksBuildPhase;
			buildActionMask = 2147483647;
			files = (
			);
			runOnlyForDeploymentPostprocessing = 0;
		};
		A0D1F3B124689ED300374109 /* Frameworks */ = {
			isa = PBXFrameworksBuildPhase;
			buildActionMask = 2147483647;
			files = (
			);
			runOnlyForDeploymentPostprocessing = 0;
		};
		A0D1F3FD24693FEC00374109 /* Frameworks */ = {
			isa = PBXFrameworksBuildPhase;
			buildActionMask = 2147483647;
			files = (
			);
			runOnlyForDeploymentPostprocessing = 0;
		};
/* End PBXFrameworksBuildPhase section */

/* Begin PBXGroup section */
		A01A11F923995ED000F3806D = {
			isa = PBXGroup;
			children = (
				A01A120423995ED000F3806D /* Calculator */,
				A0D1F3B524689ED300374109 /* CalculatorTests */,
				A0D1F40124693FEC00374109 /* CalculatorUITests */,
				A01A120323995ED000F3806D /* Products */,
			);
			sourceTree = "<group>";
		};
		A01A120323995ED000F3806D /* Products */ = {
			isa = PBXGroup;
			children = (
				A01A120223995ED000F3806D /* Calculator.app */,
				A0D1F3B424689ED300374109 /* CalculatorTests.xctest */,
				A0D1F40024693FEC00374109 /* CalculatorUITests.xctest */,
			);
			name = Products;
			sourceTree = "<group>";
		};
		A01A120423995ED000F3806D /* Calculator */ = {
			isa = PBXGroup;
			children = (
				A01A120523995ED000F3806D /* AppDelegate.swift */,
				A01A120723995ED100F3806D /* SceneDelegate.swift */,
				A01A120923995ED100F3806D /* ViewController.swift */,
				A01A120B23995ED100F3806D /* Main.storyboard */,
				A01A120E23995ED300F3806D /* Assets.xcassets */,
				A01A121023995ED300F3806D /* LaunchScreen.storyboard */,
				A01A121323995ED300F3806D /* Info.plist */,
			);
			path = Calculator;
			sourceTree = "<group>";
		};
		A0D1F3B524689ED300374109 /* CalculatorTests */ = {
			isa = PBXGroup;
			children = (
				A0D1F3B624689ED300374109 /* CalculatorTests.swift */,
				A0D1F3B824689ED300374109 /* Info.plist */,
			);
			path = CalculatorTests;
			sourceTree = "<group>";
		};
		A0D1F40124693FEC00374109 /* CalculatorUITests */ = {
			isa = PBXGroup;
			children = (
				A0D1F40224693FEC00374109 /* CalculatorUITests.swift */,
				A0D1F40424693FEC00374109 /* Info.plist */,
			);
			path = CalculatorUITests;
			sourceTree = "<group>";
		};
/* End PBXGroup section */

/* Begin PBXNativeTarget section */
		A01A120123995ED000F3806D /* Calculator */ = {
			isa = PBXNativeTarget;
			buildConfigurationList = A01A121623995ED300F3806D /* Build configuration list for PBXNativeTarget "Calculator" */;
			buildPhases = (
				A01A11FE23995ED000F3806D /* Sources */,
				A01A11FF23995ED000F3806D /* Frameworks */,
				A01A120023995ED000F3806D /* Resources */,
			);
			buildRules = (
			);
			dependencies = (
			);
			name = Calculator;
			productName = Calculator;
			productReference = A01A120223995ED000F3806D /* Calculator.app */;
			productType = "com.apple.product-type.application";
		};
		A0D1F3B324689ED300374109 /* CalculatorTests */ = {
			isa = PBXNativeTarget;
			buildConfigurationList = A0D1F3BD24689ED300374109 /* Build configuration list for PBXNativeTarget "CalculatorTests" */;
			buildPhases = (
				A0D1F3B024689ED300374109 /* Sources */,
				A0D1F3B124689ED300374109 /* Frameworks */,
				A0D1F3B224689ED300374109 /* Resources */,
			);
			buildRules = (
			);
			dependencies = (
				A0D1F3BA24689ED300374109 /* PBXTargetDependency */,
			);
			name = CalculatorTests;
			productName = CalculatorTests;
			productReference = A0D1F3B424689ED300374109 /* CalculatorTests.xctest */;
			productType = "com.apple.product-type.bundle.unit-test";
		};
		A0D1F3FF24693FEC00374109 /* CalculatorUITests */ = {
			isa = PBXNativeTarget;
			buildConfigurationList = A0D1F40724693FEC00374109 /* Build configuration list for PBXNativeTarget "CalculatorUITests" */;
			buildPhases = (
				A0D1F3FC24693FEC00374109 /* Sources */,
				A0D1F3FD24693FEC00374109 /* Frameworks */,
				A0D1F3FE24693FEC00374109 /* Resources */,
			);
			buildRules = (
			);
			dependencies = (
				A0D1F40624693FEC00374109 /* PBXTargetDependency */,
			);
			name = CalculatorUITests;
			productName = CalculatorUITests;
			productReference = A0D1F40024693FEC00374109 /* CalculatorUITests.xctest */;
			productType = "com.apple.product-type.bundle.ui-testing";
		};
/* End PBXNativeTarget section */

/* Begin PBXProject section */
		A01A11FA23995ED000F3806D /* Project object */ = {
			isa = PBXProject;
			attributes = {
				LastSwiftUpdateCheck = 1120;
				LastUpgradeCheck = 1120;
				ORGANIZATIONNAME = "Mikhail Ladutska";
				TargetAttributes = {
					A01A120123995ED000F3806D = {
						CreatedOnToolsVersion = 11.2.1;
					};
					A0D1F3B324689ED300374109 = {
						CreatedOnToolsVersion = 11.2.1;
						TestTargetID = A01A120123995ED000F3806D;
					};
					A0D1F3FF24693FEC00374109 = {
						CreatedOnToolsVersion = 11.2.1;
						TestTargetID = A01A120123995ED000F3806D;
					};
				};
			};
			buildConfigurationList = A01A11FD23995ED000F3806D /* Build configuration list for PBXProject "Calculator" */;
			compatibilityVersion = "Xcode 9.3";
			developmentRegion = en;
			hasScannedForEncodings = 0;
			knownRegions = (
				en,
				Base,
			);
			mainGroup = A01A11F923995ED000F3806D;
			productRefGroup = A01A120323995ED000F3806D /* Products */;
			projectDirPath = "";
			projectRoot = "";
			targets = (
				A01A120123995ED000F3806D /* Calculator */,
				A0D1F3B324689ED300374109 /* CalculatorTests */,
				A0D1F3FF24693FEC00374109 /* CalculatorUITests */,
			);
		};
/* End PBXProject section */

/* Begin PBXResourcesBuildPhase section */
		A01A120023995ED000F3806D /* Resources */ = {
			isa = PBXResourcesBuildPhase;
			buildActionMask = 2147483647;
			files = (
				A01A121223995ED300F3806D /* LaunchScreen.storyboard in Resources */,
				A01A120F23995ED300F3806D /* Assets.xcassets in Resources */,
				A01A120D23995ED100F3806D /* Main.storyboard in Resources */,
			);
			runOnlyForDeploymentPostprocessing = 0;
		};
		A0D1F3B224689ED300374109 /* Resources */ = {
			isa = PBXResourcesBuildPhase;
			buildActionMask = 2147483647;
			files = (
			);
			runOnlyForDeploymentPostprocessing = 0;
		};
		A0D1F3FE24693FEC00374109 /* Resources */ = {
			isa = PBXResourcesBuildPhase;
			buildActionMask = 2147483647;
			files = (
			);
			runOnlyForDeploymentPostprocessing = 0;
		};
/* End PBXResourcesBuildPhase section */

/* Begin PBXSourcesBuildPhase section */
		A01A11FE23995ED000F3806D /* Sources */ = {
			isa = PBXSourcesBuildPhase;
			buildActionMask = 2147483647;
			files = (
				A01A120A23995ED100F3806D /* ViewController.swift in Sources */,
				A01A120623995ED000F3806D /* AppDelegate.swift in Sources */,
				A01A120823995ED100F3806D /* SceneDelegate.swift in Sources */,
			);
			runOnlyForDeploymentPostprocessing = 0;
		};
		A0D1F3B024689ED300374109 /* Sources */ = {
			isa = PBXSourcesBuildPhase;
			buildActionMask = 2147483647;
			files = (
				A0D1F3B724689ED300374109 /* CalculatorTests.swift in Sources */,
			);
			runOnlyForDeploymentPostprocessing = 0;
		};
		A0D1F3FC24693FEC00374109 /* Sources */ = {
			isa = PBXSourcesBuildPhase;
			buildActionMask = 2147483647;
			files = (
				A0D1F40324693FEC00374109 /* CalculatorUITests.swift in Sources */,
			);
			runOnlyForDeploymentPostprocessing = 0;
		};
/* End PBXSourcesBuildPhase section */

/* Begin PBXTargetDependency section */
		A0D1F3BA24689ED300374109 /* PBXTargetDependency */ = {
			isa = PBXTargetDependency;
			target = A01A120123995ED000F3806D /* Calculator */;
			targetProxy = A0D1F3B924689ED300374109 /* PBXContainerItemProxy */;
		};
		A0D1F40624693FEC00374109 /* PBXTargetDependency */ = {
			isa = PBXTargetDependency;
			target = A01A120123995ED000F3806D /* Calculator */;
			targetProxy = A0D1F40524693FEC00374109 /* PBXContainerItemProxy */;
		};
/* End PBXTargetDependency section */

/* Begin PBXVariantGroup section */
		A01A120B23995ED100F3806D /* Main.storyboard */ = {
			isa = PBXVariantGroup;
			children = (
				A01A120C23995ED100F3806D /* Base */,
			);
			name = Main.storyboard;
			sourceTree = "<group>";
		};
		A01A121023995ED300F3806D /* LaunchScreen.storyboard */ = {
			isa = PBXVariantGroup;
			children = (
				A01A121123995ED300F3806D /* Base */,
			);
			name = LaunchScreen.storyboard;
			sourceTree = "<group>";
		};
/* End PBXVariantGroup section */

/* Begin XCBuildConfiguration section */
		A01A121423995ED300F3806D /* Debug */ = {
			isa = XCBuildConfiguration;
			buildSettings = {
				ALWAYS_SEARCH_USER_PATHS = NO;
				CLANG_ANALYZER_NONNULL = YES;
				CLANG_ANALYZER_NUMBER_OBJECT_CONVERSION = YES_AGGRESSIVE;
				CLANG_CXX_LANGUAGE_STANDARD = "gnu++14";
				CLANG_CXX_LIBRARY = "libc++";
				CLANG_ENABLE_MODULES = YES;
				CLANG_ENABLE_OBJC_ARC = YES;
				CLANG_ENABLE_OBJC_WEAK = YES;
				CLANG_WARN_BLOCK_CAPTURE_AUTORELEASING = YES;
				CLANG_WARN_BOOL_CONVERSION = YES;
				CLANG_WARN_COMMA = YES;
				CLANG_WARN_CONSTANT_CONVERSION = YES;
				CLANG_WARN_DEPRECATED_OBJC_IMPLEMENTATIONS = YES;
				CLANG_WARN_DIRECT_OBJC_ISA_USAGE = YES_ERROR;
				CLANG_WARN_DOCUMENTATION_COMMENTS = YES;
				CLANG_WARN_EMPTY_BODY = YES;
				CLANG_WARN_ENUM_CONVERSION = YES;
				CLANG_WARN_INFINITE_RECURSION = YES;
				CLANG_WARN_INT_CONVERSION = YES;
				CLANG_WARN_NON_LITERAL_NULL_CONVERSION = YES;
				CLANG_WARN_OBJC_IMPLICIT_RETAIN_SELF = YES;
				CLANG_WARN_OBJC_LITERAL_CONVERSION = YES;
				CLANG_WARN_OBJC_ROOT_CLASS = YES_ERROR;
				CLANG_WARN_RANGE_LOOP_ANALYSIS = YES;
				CLANG_WARN_STRICT_PROTOTYPES = YES;
				CLANG_WARN_SUSPICIOUS_MOVE = YES;
				CLANG_WARN_UNGUARDED_AVAILABILITY = YES_AGGRESSIVE;
				CLANG_WARN_UNREACHABLE_CODE = YES;
				CLANG_WARN__DUPLICATE_METHOD_MATCH = YES;
				COPY_PHASE_STRIP = NO;
				DEBUG_INFORMATION_FORMAT = dwarf;
				ENABLE_STRICT_OBJC_MSGSEND = YES;
				ENABLE_TESTABILITY = YES;
				GCC_C_LANGUAGE_STANDARD = gnu11;
				GCC_DYNAMIC_NO_PIC = NO;
				GCC_NO_COMMON_BLOCKS = YES;
				GCC_OPTIMIZATION_LEVEL = 0;
				GCC_PREPROCESSOR_DEFINITIONS = (
					"DEBUG=1",
					"$(inherited)",
				);
				GCC_WARN_64_TO_32_BIT_CONVERSION = YES;
				GCC_WARN_ABOUT_RETURN_TYPE = YES_ERROR;
				GCC_WARN_UNDECLARED_SELECTOR = YES;
				GCC_WARN_UNINITIALIZED_AUTOS = YES_AGGRESSIVE;
				GCC_WARN_UNUSED_FUNCTION = YES;
				GCC_WARN_UNUSED_VARIABLE = YES;
				IPHONEOS_DEPLOYMENT_TARGET = 13.2;
				MTL_ENABLE_DEBUG_INFO = INCLUDE_SOURCE;
				MTL_FAST_MATH = YES;
				ONLY_ACTIVE_ARCH = YES;
				SDKROOT = iphoneos;
				SWIFT_ACTIVE_COMPILATION_CONDITIONS = DEBUG;
				SWIFT_OPTIMIZATION_LEVEL = "-Onone";
				TREAT_MISSING_BASELINES_AS_TEST_FAILURES = NO;
			};
			name = Debug;
		};
		A01A121523995ED300F3806D /* Release */ = {
			isa = XCBuildConfiguration;
			buildSettings = {
				ALWAYS_SEARCH_USER_PATHS = NO;
				CLANG_ANALYZER_NONNULL = YES;
				CLANG_ANALYZER_NUMBER_OBJECT_CONVERSION = YES_AGGRESSIVE;
				CLANG_CXX_LANGUAGE_STANDARD = "gnu++14";
				CLANG_CXX_LIBRARY = "libc++";
				CLANG_ENABLE_MODULES = YES;
				CLANG_ENABLE_OBJC_ARC = YES;
				CLANG_ENABLE_OBJC_WEAK = YES;
				CLANG_WARN_BLOCK_CAPTURE_AUTORELEASING = YES;
				CLANG_WARN_BOOL_CONVERSION = YES;
				CLANG_WARN_COMMA = YES;
				CLANG_WARN_CONSTANT_CONVERSION = YES;
				CLANG_WARN_DEPRECATED_OBJC_IMPLEMENTATIONS = YES;
				CLANG_WARN_DIRECT_OBJC_ISA_USAGE = YES_ERROR;
				CLANG_WARN_DOCUMENTATION_COMMENTS = YES;
				CLANG_WARN_EMPTY_BODY = YES;
				CLANG_WARN_ENUM_CONVERSION = YES;
				CLANG_WARN_INFINITE_RECURSION = YES;
				CLANG_WARN_INT_CONVERSION = YES;
				CLANG_WARN_NON_LITERAL_NULL_CONVERSION = YES;
				CLANG_WARN_OBJC_IMPLICIT_RETAIN_SELF = YES;
				CLANG_WARN_OBJC_LITERAL_CONVERSION = YES;
				CLANG_WARN_OBJC_ROOT_CLASS = YES_ERROR;
				CLANG_WARN_RANGE_LOOP_ANALYSIS = YES;
				CLANG_WARN_STRICT_PROTOTYPES = YES;
				CLANG_WARN_SUSPICIOUS_MOVE = YES;
				CLANG_WARN_UNGUARDED_AVAILABILITY = YES_AGGRESSIVE;
				CLANG_WARN_UNREACHABLE_CODE = YES;
				CLANG_WARN__DUPLICATE_METHOD_MATCH = YES;
				COPY_PHASE_STRIP = NO;
				DEBUG_INFORMATION_FORMAT = "dwarf-with-dsym";
				ENABLE_NS_ASSERTIONS = NO;
				ENABLE_STRICT_OBJC_MSGSEND = YES;
				GCC_C_LANGUAGE_STANDARD = gnu11;
				GCC_NO_COMMON_BLOCKS = YES;
				GCC_WARN_64_TO_32_BIT_CONVERSION = YES;
				GCC_WARN_ABOUT_RETURN_TYPE = YES_ERROR;
				GCC_WARN_UNDECLARED_SELECTOR = YES;
				GCC_WARN_UNINITIALIZED_AUTOS = YES_AGGRESSIVE;
				GCC_WARN_UNUSED_FUNCTION = YES;
				GCC_WARN_UNUSED_VARIABLE = YES;
				IPHONEOS_DEPLOYMENT_TARGET = 13.2;
				MTL_ENABLE_DEBUG_INFO = NO;
				MTL_FAST_MATH = YES;
				SDKROOT = iphoneos;
				SWIFT_COMPILATION_MODE = wholemodule;
				SWIFT_OPTIMIZATION_LEVEL = "-O";
				TREAT_MISSING_BASELINES_AS_TEST_FAILURES = NO;
				VALIDATE_PRODUCT = YES;
			};
			name = Release;
		};
		A01A121723995ED300F3806D /* Debug */ = {
			isa = XCBuildConfiguration;
			buildSettings = {
				ASSETCATALOG_COMPILER_APPICON_NAME = AppIcon;
				CODE_SIGN_STYLE = Automatic;
				INFOPLIST_FILE = Calculator/Info.plist;
				LD_RUNPATH_SEARCH_PATHS = (
					"$(inherited)",
					"@executable_path/Frameworks",
				);
				PRODUCT_BUNDLE_IDENTIFIER = com.example.Calculator;
				PRODUCT_NAME = "$(TARGET_NAME)";
				SWIFT_VERSION = 5.0;
				TARGETED_DEVICE_FAMILY = "1,2";
			};
			name = Debug;
		};
		A01A121823995ED300F3806D /* Release */ = {
			isa = XCBuildConfiguration;
			buildSettings = {
				ASSETCATALOG_COMPILER_APPICON_NAME = AppIcon;
				CODE_SIGN_STYLE = Automatic;
				INFOPLIST_FILE = Calculator/Info.plist;
				LD_RUNPATH_SEARCH_PATHS = (
					"$(inherited)",
					"@executable_path/Frameworks",
				);
				PRODUCT_BUNDLE_IDENTIFIER = com.example.Calculator;
				PRODUCT_NAME = "$(TARGET_NAME)";
				SWIFT_VERSION = 5.0;
				TARGETED_DEVICE_FAMILY = "1,2";
			};
			name = Release;
		};
		A0D1F3BB24689ED300374109 /* Debug */ = {
			isa = XCBuildConfiguration;
			buildSettings = {
				BUNDLE_LOADER = "$(TEST_HOST)";
				CODE_SIGN_STYLE = Automatic;
				DEVELOPMENT_TEAM = TVM4AGRU3J;
				INFOPLIST_FILE = CalculatorTests/Info.plist;
				LD_RUNPATH_SEARCH_PATHS = (
					"$(inherited)",
					"@executable_path/Frameworks",
					"@loader_path/Frameworks",
				);
				PRODUCT_BUNDLE_IDENTIFIER = com.mikeman.CalculatorTests;
				PRODUCT_NAME = "$(TARGET_NAME)";
				SWIFT_VERSION = 5.0;
				TARGETED_DEVICE_FAMILY = "1,2";
				TEST_HOST = "$(BUILT_PRODUCTS_DIR)/Calculator.app/Calculator";
			};
			name = Debug;
		};
		A0D1F3BC24689ED300374109 /* Release */ = {
			isa = XCBuildConfiguration;
			buildSettings = {
				BUNDLE_LOADER = "$(TEST_HOST)";
				CODE_SIGN_STYLE = Automatic;
				DEVELOPMENT_TEAM = TVM4AGRU3J;
				INFOPLIST_FILE = CalculatorTests/Info.plist;
				LD_RUNPATH_SEARCH_PATHS = (
					"$(inherited)",
					"@executable_path/Frameworks",
					"@loader_path/Frameworks",
				);
				PRODUCT_BUNDLE_IDENTIFIER = com.mikeman.CalculatorTests;
				PRODUCT_NAME = "$(TARGET_NAME)";
				SWIFT_VERSION = 5.0;
				TARGETED_DEVICE_FAMILY = "1,2";
				TEST_HOST = "$(BUILT_PRODUCTS_DIR)/Calculator.app/Calculator";
			};
			name = Release;
		};
		A0D1F40824693FEC00374109 /* Debug */ = {
			isa = XCBuildConfiguration;
			buildSettings = {
				CODE_SIGN_STYLE = Automatic;
				DEVELOPMENT_TEAM = TVM4AGRU3J;
				INFOPLIST_FILE = CalculatorUITests/Info.plist;
				LD_RUNPATH_SEARCH_PATHS = (
					"$(inherited)",
					"@executable_path/Frameworks",
					"@loader_path/Frameworks",
				);
				PRODUCT_BUNDLE_IDENTIFIER = com.mikeman.CalculatorUITests;
				PRODUCT_NAME = "$(TARGET_NAME)";
				SWIFT_VERSION = 5.0;
				TARGETED_DEVICE_FAMILY = "1,2";
				TEST_TARGET_NAME = Calculator;
			};
			name = Debug;
		};
		A0D1F40924693FEC00374109 /* Release */ = {
			isa = XCBuildConfiguration;
			buildSettings = {
				CODE_SIGN_STYLE = Automatic;
				DEVELOPMENT_TEAM = TVM4AGRU3J;
				INFOPLIST_FILE = CalculatorUITests/Info.plist;
				LD_RUNPATH_SEARCH_PATHS = (
					"$(inherited)",
					"@executable_path/Frameworks",
					"@loader_path/Frameworks",
				);
				PRODUCT_BUNDLE_IDENTIFIER = com.mikeman.CalculatorUITests;
				PRODUCT_NAME = "$(TARGET_NAME)";
				SWIFT_VERSION = 5.0;
				TARGETED_DEVICE_FAMILY = "1,2";
				TEST_TARGET_NAME = Calculator;
			};
			name = Release;
		};
/* End XCBuildConfiguration section */

/* Begin XCConfigurationList section */
		A01A11FD23995ED000F3806D /* Build configuration list for PBXProject "Calculator" */ = {
			isa = XCConfigurationList;
			buildConfigurations = (
				A01A121423995ED300F3806D /* Debug */,
				A01A121523995ED300F3806D /* Release */,
			);
			defaultConfigurationIsVisible = 0;
			defaultConfigurationName = Release;
		};
		A01A121623995ED300F3806D /* Build configuration list for PBXNativeTarget "Calculator" */ = {
			isa = XCConfigurationList;
			buildConfigurations = (
				A01A121723995ED300F3806D /* Debug */,
				A01A121823995ED300F3806D /* Release */,
			);
			defaultConfigurationIsVisible = 0;
			defaultConfigurationName = Release;
		};
		A0D1F3BD24689ED300374109 /* Build configuration list for PBXNativeTarget "CalculatorTests" */ = {
			isa = XCConfigurationList;
			buildConfigurations = (
				A0D1F3BB24689ED300374109 /* Debug */,
				A0D1F3BC24689ED300374109 /* Release */,
			);
			defaultConfigurationIsVisible = 0;
			defaultConfigurationName = Release;
		};
		A0D1F40724693FEC00374109 /* Build configuration list for PBXNativeTarget "CalculatorUITests" */ = {
			isa = XCConfigurationList;
			buildConfigurations = (
				A0D1F40824693FEC00374109 /* Debug */,
				A0D1F40924693FEC00374109 /* Release */,
			);
			defaultConfigurationIsVisible = 0;
			defaultConfigurationName = Release;
		};
/* End XCConfigurationList section */
	};
	rootObject = A01A11FA23995ED000F3806D /* Project object */;
}
